
Microsoft Visual Studio Solution File, Format Version 12.00
# Visual Studio Version 17
VisualStudioVersion = 17.1.32210.238
MinimumVisualStudioVersion = 10.0.40219.1
Project("{FAE04EC0-301F-11D3-BF4B-00C04F79EFBC}") = "UkrainianAktiv", "UkrainianAktiv\UkrainianAktiv.csproj", "{9E526878-0553-4411-B113-35DD13976798}"
EndProject
Project("{FAE04EC0-301F-11D3-BF4B-00C04F79EFBC}") = "UkrainianAktiv.Core", "UkrainianAktiv.Core\UkrainianAktiv.Core.csproj", "{E55B56AC-31C0-4266-9E61-0726104D9889}"
EndProject
Global
	GlobalSection(SolutionConfigurationPlatforms) = preSolution
		Debug|Any CPU = Debug|Any CPU
		Release|Any CPU = Release|Any CPU
	EndGlobalSection
	GlobalSection(ProjectConfigurationPlatforms) = postSolution
		{9E526878-0553-4411-B113-35DD13976798}.Debug|Any CPU.ActiveCfg = Debug|Any CPU
		{9E526878-0553-4411-B113-35DD13976798}.Debug|Any CPU.Build.0 = Debug|Any CPU
		{9E526878-0553-4411-B113-35DD13976798}.Release|Any CPU.ActiveCfg = Release|Any CPU
		{9E526878-0553-4411-B113-35DD13976798}.Release|Any CPU.Build.0 = Release|Any CPU
		{E55B56AC-31C0-4266-9E61-0726104D9889}.Debug|Any CPU.ActiveCfg = Debug|Any CPU
		{E55B56AC-31C0-4266-9E61-0726104D9889}.Debug|Any CPU.Build.0 = Debug|Any CPU
		{E55B56AC-31C0-4266-9E61-0726104D9889}.Release|Any CPU.ActiveCfg = Release|Any CPU
		{E55B56AC-31C0-4266-9E61-0726104D9889}.Release|Any CPU.Build.0 = Release|Any CPU
	EndGlobalSection
	GlobalSection(SolutionProperties) = preSolution
		HideSolutionNode = FALSE
	EndGlobalSection
	GlobalSection(ExtensibilityGlobals) = postSolution
		SolutionGuid = {9B5A7948-E797-4E94-93DB-36F085396CAE}
	EndGlobalSection
EndGlobal
